
Microsoft Visual Studio Solution File, Format Version 12.00
# Visual Studio Version 17
VisualStudioVersion = 17.8.34316.72
MinimumVisualStudioVersion = 10.0.40219.1
Project("{FAE04EC0-301F-11D3-BF4B-00C04F79EFBC}") = "övning1", "övning1\övning1.csproj", "{48EC9BE8-8C0A-40E5-A743-F5BE808E0D18}"
EndProject
Global
	GlobalSection(SolutionConfigurationPlatforms) = preSolution
		Debug|Any CPU = Debug|Any CPU
		Release|Any CPU = Release|Any CPU
	EndGlobalSection
	GlobalSection(ProjectConfigurationPlatforms) = postSolution
		{48EC9BE8-8C0A-40E5-A743-F5BE808E0D18}.Debug|Any CPU.ActiveCfg = Debug|Any CPU
		{48EC9BE8-8C0A-40E5-A743-F5BE808E0D18}.Debug|Any CPU.Build.0 = Debug|Any CPU
		{48EC9BE8-8C0A-40E5-A743-F5BE808E0D18}.Release|Any CPU.ActiveCfg = Release|Any CPU
		{48EC9BE8-8C0A-40E5-A743-F5BE808E0D18}.Release|Any CPU.Build.0 = Release|Any CPU
	EndGlobalSection
	GlobalSection(SolutionProperties) = preSolution
		HideSolutionNode = FALSE
	EndGlobalSection
	GlobalSection(ExtensibilityGlobals) = postSolution
		SolutionGuid = {5D1928DF-0000-4397-8731-7A464766AD59}
	EndGlobalSection
EndGlobal
